
Microsoft Visual Studio Solution File, Format Version 12.00
# Visual Studio 2012
Project("{F184B08F-C81C-45F6-A57F-5ABD9991F28F}") = "System Framework", "Engine\System Framework.vbproj", "{C475177F-6A94-43B0-BAEE-427642923108}"
EndProject
Project("{2150E333-8FDC-42A3-9474-1A3956D46DE8}") = ".nuget", ".nuget", "{87D18D28-F34A-417E-B32E-1DD673B21C4D}"
	ProjectSection(SolutionItems) = preProject
		.nuget\NuGet.Config = .nuget\NuGet.Config
		.nuget\NuGet.exe = .nuget\NuGet.exe
		.nuget\NuGet.targets = .nuget\NuGet.targets
	EndProjectSection
EndProject
Project("{FAE04EC0-301F-11D3-BF4B-00C04F79EFBC}") = "System Framework.Test", "System Framework.Test\System Framework.Test.csproj", "{12756D7F-A55D-43DC-9025-ABFDCB279381}"
EndProject
Project("{F184B08F-C81C-45F6-A57F-5ABD9991F28F}") = "Test Harness", "Test Harness\Test Harness.vbproj", "{1D876F09-E9F9-41F2-ADF3-62666FC221D2}"
EndProject
Global
	GlobalSection(TeamFoundationVersionControl) = preSolution
		SccNumberOfProjects = 4
		SccEnterpriseProvider = {4CA58AB2-18FA-4F8D-95D4-32DDF27D184C}
		SccTeamFoundationServer = http://harptfs01:8080/tfs/defaultcollection
		SccLocalPath0 = .
		SccProjectUniqueName1 = Engine\\System\u0020Framework.vbproj
		SccProjectName1 = Engine
		SccLocalPath1 = Engine
		SccProjectUniqueName2 = System\u0020Framework.Test\\System\u0020Framework.Test.csproj
		SccProjectName2 = System\u0020Framework.Test
		SccLocalPath2 = System\u0020Framework.Test
		SccProjectUniqueName3 = Test\u0020Harness\\Test\u0020Harness.vbproj
		SccProjectName3 = Test\u0020Harness
		SccLocalPath3 = Test\u0020Harness
	EndGlobalSection
	GlobalSection(SolutionConfigurationPlatforms) = preSolution
		Debug|Any CPU = Debug|Any CPU
		Debug|Mixed Platforms = Debug|Mixed Platforms
		Debug|x86 = Debug|x86
		Release|Any CPU = Release|Any CPU
		Release|Mixed Platforms = Release|Mixed Platforms
		Release|x86 = Release|x86
	EndGlobalSection
	GlobalSection(ProjectConfigurationPlatforms) = postSolution
		{C475177F-6A94-43B0-BAEE-427642923108}.Debug|Any CPU.ActiveCfg = Debug|Any CPU
		{C475177F-6A94-43B0-BAEE-427642923108}.Debug|Any CPU.Build.0 = Debug|Any CPU
		{C475177F-6A94-43B0-BAEE-427642923108}.Debug|Mixed Platforms.ActiveCfg = Debug|Any CPU
		{C475177F-6A94-43B0-BAEE-427642923108}.Debug|Mixed Platforms.Build.0 = Debug|Any CPU
		{C475177F-6A94-43B0-BAEE-427642923108}.Debug|x86.ActiveCfg = Debug|Any CPU
		{C475177F-6A94-43B0-BAEE-427642923108}.Release|Any CPU.ActiveCfg = Release|Any CPU
		{C475177F-6A94-43B0-BAEE-427642923108}.Release|Any CPU.Build.0 = Release|Any CPU
		{C475177F-6A94-43B0-BAEE-427642923108}.Release|Mixed Platforms.ActiveCfg = Release|Any CPU
		{C475177F-6A94-43B0-BAEE-427642923108}.Release|Mixed Platforms.Build.0 = Release|Any CPU
		{C475177F-6A94-43B0-BAEE-427642923108}.Release|x86.ActiveCfg = Release|Any CPU
		{12756D7F-A55D-43DC-9025-ABFDCB279381}.Debug|Any CPU.ActiveCfg = Debug|x86
		{12756D7F-A55D-43DC-9025-ABFDCB279381}.Debug|Mixed Platforms.ActiveCfg = Debug|x86
		{12756D7F-A55D-43DC-9025-ABFDCB279381}.Debug|Mixed Platforms.Build.0 = Debug|x86
		{12756D7F-A55D-43DC-9025-ABFDCB279381}.Debug|x86.ActiveCfg = Debug|x86
		{12756D7F-A55D-43DC-9025-ABFDCB279381}.Debug|x86.Build.0 = Debug|x86
		{12756D7F-A55D-43DC-9025-ABFDCB279381}.Release|Any CPU.ActiveCfg = Release|x86
		{12756D7F-A55D-43DC-9025-ABFDCB279381}.Release|Mixed Platforms.ActiveCfg = Release|x86
		{12756D7F-A55D-43DC-9025-ABFDCB279381}.Release|Mixed Platforms.Build.0 = Release|x86
		{12756D7F-A55D-43DC-9025-ABFDCB279381}.Release|x86.ActiveCfg = Release|x86
		{12756D7F-A55D-43DC-9025-ABFDCB279381}.Release|x86.Build.0 = Release|x86
		{1D876F09-E9F9-41F2-ADF3-62666FC221D2}.Debug|Any CPU.ActiveCfg = Debug|x86
		{1D876F09-E9F9-41F2-ADF3-62666FC221D2}.Debug|Mixed Platforms.ActiveCfg = Debug|x86
		{1D876F09-E9F9-41F2-ADF3-62666FC221D2}.Debug|Mixed Platforms.Build.0 = Debug|x86
		{1D876F09-E9F9-41F2-ADF3-62666FC221D2}.Debug|x86.ActiveCfg = Debug|x86
		{1D876F09-E9F9-41F2-ADF3-62666FC221D2}.Debug|x86.Build.0 = Debug|x86
		{1D876F09-E9F9-41F2-ADF3-62666FC221D2}.Release|Any CPU.ActiveCfg = Release|x86
		{1D876F09-E9F9-41F2-ADF3-62666FC221D2}.Release|Mixed Platforms.ActiveCfg = Release|x86
		{1D876F09-E9F9-41F2-ADF3-62666FC221D2}.Release|Mixed Platforms.Build.0 = Release|x86
		{1D876F09-E9F9-41F2-ADF3-62666FC221D2}.Release|x86.ActiveCfg = Release|x86
		{1D876F09-E9F9-41F2-ADF3-62666FC221D2}.Release|x86.Build.0 = Release|x86
	EndGlobalSection
	GlobalSection(SolutionProperties) = preSolution
		HideSolutionNode = FALSE
	EndGlobalSection
EndGlobal
