
Microsoft Visual Studio Solution File, Format Version 12.00
# Visual Studio 14
VisualStudioVersion = 14.0.23107.0
MinimumVisualStudioVersion = 10.0.40219.1
Project("{FAE04EC0-301F-11D3-BF4B-00C04F79EFBC}") = "Nexus.Common", "Nexus.Common\Nexus.Common.csproj", "{C1E258DA-54F0-4A84-AACE-74AD2FA9A495}"
EndProject
Project("{FAE04EC0-301F-11D3-BF4B-00C04F79EFBC}") = "Nexus.Testing.ConsoleApp", "Nexus.Testing.ConsoleApp\Nexus.Testing.ConsoleApp.csproj", "{4782CBC3-FA2A-48E7-A9F4-0566994CBC1C}"
EndProject
Project("{FAE04EC0-301F-11D3-BF4B-00C04F79EFBC}") = "Nexus.Sql_Repository", "Nexus.Sql_Repository\Nexus.Sql_Repository.csproj", "{BDFF3BB0-3C7A-47A8-9CF5-1F3454A646E5}"
EndProject
Project("{FAE04EC0-301F-11D3-BF4B-00C04F79EFBC}") = "Nexus.Service", "Nexus.Service\Nexus.Service.csproj", "{99EC13FB-F260-4EB2-AF83-CCED1A753E4B}"
EndProject
Project("{FAE04EC0-301F-11D3-BF4B-00C04F79EFBC}") = "Nexus.WebAPI", "Nexus.WebAPI\Nexus.WebAPI.csproj", "{7F3C005B-ADE2-4E1D-AEFB-A5EAD394D644}"
EndProject
Project("{FAE04EC0-301F-11D3-BF4B-00C04F79EFBC}") = "Nexus.WebAPI.Tests", "Nexus.WebAPI.Tests\Nexus.WebAPI.Tests.csproj", "{A3EA477B-3938-4CA0-914F-577F201A1140}"
EndProject
Project("{FAE04EC0-301F-11D3-BF4B-00C04F79EFBC}") = "Nexus.Sql_Repository.Tests", "Nexus.Sql_Repository.Tests\Nexus.Sql_Repository.Tests.csproj", "{C3B65732-4AB7-4B7A-83D3-C460D7C35E86}"
EndProject
Project("{2150E333-8FDC-42A3-9474-1A3956D46DE8}") = ".nuget", ".nuget", "{015D9149-67A0-4472-AC73-1EB5942E7EC5}"
	ProjectSection(SolutionItems) = preProject
		.nuget\NuGet.Config = .nuget\NuGet.Config
		.nuget\NuGet.exe = .nuget\NuGet.exe
		.nuget\NuGet.targets = .nuget\NuGet.targets
	EndProjectSection
EndProject
Project("{F088123C-0E9E-452A-89E6-6BA2F21D5CAC}") = "Nexus.UML", "Nexus.UML\Nexus.UML.modelproj", "{44EAD20D-89BA-4E68-89E2-5BD0205F5C7C}"
EndProject
Project("{2150E333-8FDC-42A3-9474-1A3956D46DE8}") = "Common", "Common", "{0D661700-C3A4-4F6F-8FB0-E83A0FBB59D5}"
EndProject
Project("{2150E333-8FDC-42A3-9474-1A3956D46DE8}") = "WebAPI", "WebAPI", "{A29D918B-9E14-46BD-BBEB-9575FFFA0731}"
EndProject
Project("{2150E333-8FDC-42A3-9474-1A3956D46DE8}") = "Architecture", "Architecture", "{CF5245AA-DED6-4BD5-AF2F-106617107324}"
EndProject
Project("{2150E333-8FDC-42A3-9474-1A3956D46DE8}") = "Repository", "Repository", "{1B4299DF-5083-42EC-9A7B-882E48666264}"
EndProject
Project("{FAE04EC0-301F-11D3-BF4B-00C04F79EFBC}") = "Nexus.EnterpriseService", "Nexus.EnterpriseService\Nexus.EnterpriseService.csproj", "{AB74E80C-FE32-49D0-B03A-E24A28DBFDD9}"
EndProject
Project("{2150E333-8FDC-42A3-9474-1A3956D46DE8}") = "Service", "Service", "{A201E9CA-5D20-4236-9E59-4F0FC76E2CA6}"
EndProject
Project("{FAE04EC0-301F-11D3-BF4B-00C04F79EFBC}") = "Nexus.Mock_Repository", "Nexus.Mock_Repository\Nexus.Mock_Repository.csproj", "{ED88E507-B9B6-493E-9B7E-EC892B5DF5CB}"
EndProject
Global
	GlobalSection(SolutionConfigurationPlatforms) = preSolution
		Debug|Any CPU = Debug|Any CPU
		Release|Any CPU = Release|Any CPU
	EndGlobalSection
	GlobalSection(ProjectConfigurationPlatforms) = postSolution
		{C1E258DA-54F0-4A84-AACE-74AD2FA9A495}.Debug|Any CPU.ActiveCfg = Debug|Any CPU
		{C1E258DA-54F0-4A84-AACE-74AD2FA9A495}.Debug|Any CPU.Build.0 = Debug|Any CPU
		{C1E258DA-54F0-4A84-AACE-74AD2FA9A495}.Release|Any CPU.ActiveCfg = Release|Any CPU
		{C1E258DA-54F0-4A84-AACE-74AD2FA9A495}.Release|Any CPU.Build.0 = Release|Any CPU
		{4782CBC3-FA2A-48E7-A9F4-0566994CBC1C}.Debug|Any CPU.ActiveCfg = Debug|Any CPU
		{4782CBC3-FA2A-48E7-A9F4-0566994CBC1C}.Debug|Any CPU.Build.0 = Debug|Any CPU
		{4782CBC3-FA2A-48E7-A9F4-0566994CBC1C}.Release|Any CPU.ActiveCfg = Release|Any CPU
		{4782CBC3-FA2A-48E7-A9F4-0566994CBC1C}.Release|Any CPU.Build.0 = Release|Any CPU
		{BDFF3BB0-3C7A-47A8-9CF5-1F3454A646E5}.Debug|Any CPU.ActiveCfg = Debug|Any CPU
		{BDFF3BB0-3C7A-47A8-9CF5-1F3454A646E5}.Debug|Any CPU.Build.0 = Debug|Any CPU
		{BDFF3BB0-3C7A-47A8-9CF5-1F3454A646E5}.Release|Any CPU.ActiveCfg = Release|Any CPU
		{BDFF3BB0-3C7A-47A8-9CF5-1F3454A646E5}.Release|Any CPU.Build.0 = Release|Any CPU
		{99EC13FB-F260-4EB2-AF83-CCED1A753E4B}.Debug|Any CPU.ActiveCfg = Debug|Any CPU
		{99EC13FB-F260-4EB2-AF83-CCED1A753E4B}.Debug|Any CPU.Build.0 = Debug|Any CPU
		{99EC13FB-F260-4EB2-AF83-CCED1A753E4B}.Release|Any CPU.ActiveCfg = Release|Any CPU
		{99EC13FB-F260-4EB2-AF83-CCED1A753E4B}.Release|Any CPU.Build.0 = Release|Any CPU
		{7F3C005B-ADE2-4E1D-AEFB-A5EAD394D644}.Debug|Any CPU.ActiveCfg = Debug|Any CPU
		{7F3C005B-ADE2-4E1D-AEFB-A5EAD394D644}.Debug|Any CPU.Build.0 = Debug|Any CPU
		{7F3C005B-ADE2-4E1D-AEFB-A5EAD394D644}.Release|Any CPU.ActiveCfg = Release|Any CPU
		{7F3C005B-ADE2-4E1D-AEFB-A5EAD394D644}.Release|Any CPU.Build.0 = Release|Any CPU
		{A3EA477B-3938-4CA0-914F-577F201A1140}.Debug|Any CPU.ActiveCfg = Debug|Any CPU
		{A3EA477B-3938-4CA0-914F-577F201A1140}.Debug|Any CPU.Build.0 = Debug|Any CPU
		{A3EA477B-3938-4CA0-914F-577F201A1140}.Release|Any CPU.ActiveCfg = Release|Any CPU
		{A3EA477B-3938-4CA0-914F-577F201A1140}.Release|Any CPU.Build.0 = Release|Any CPU
		{C3B65732-4AB7-4B7A-83D3-C460D7C35E86}.Debug|Any CPU.ActiveCfg = Debug|Any CPU
		{C3B65732-4AB7-4B7A-83D3-C460D7C35E86}.Debug|Any CPU.Build.0 = Debug|Any CPU
		{C3B65732-4AB7-4B7A-83D3-C460D7C35E86}.Release|Any CPU.ActiveCfg = Release|Any CPU
		{C3B65732-4AB7-4B7A-83D3-C460D7C35E86}.Release|Any CPU.Build.0 = Release|Any CPU
		{44EAD20D-89BA-4E68-89E2-5BD0205F5C7C}.Debug|Any CPU.ActiveCfg = Debug|Any CPU
		{44EAD20D-89BA-4E68-89E2-5BD0205F5C7C}.Debug|Any CPU.Build.0 = Debug|Any CPU
		{44EAD20D-89BA-4E68-89E2-5BD0205F5C7C}.Release|Any CPU.ActiveCfg = Release|Any CPU
		{44EAD20D-89BA-4E68-89E2-5BD0205F5C7C}.Release|Any CPU.Build.0 = Release|Any CPU
		{AB74E80C-FE32-49D0-B03A-E24A28DBFDD9}.Debug|Any CPU.ActiveCfg = Debug|Any CPU
		{AB74E80C-FE32-49D0-B03A-E24A28DBFDD9}.Debug|Any CPU.Build.0 = Debug|Any CPU
		{AB74E80C-FE32-49D0-B03A-E24A28DBFDD9}.Release|Any CPU.ActiveCfg = Release|Any CPU
		{AB74E80C-FE32-49D0-B03A-E24A28DBFDD9}.Release|Any CPU.Build.0 = Release|Any CPU
		{ED88E507-B9B6-493E-9B7E-EC892B5DF5CB}.Debug|Any CPU.ActiveCfg = Debug|Any CPU
		{ED88E507-B9B6-493E-9B7E-EC892B5DF5CB}.Debug|Any CPU.Build.0 = Debug|Any CPU
		{ED88E507-B9B6-493E-9B7E-EC892B5DF5CB}.Release|Any CPU.ActiveCfg = Release|Any CPU
		{ED88E507-B9B6-493E-9B7E-EC892B5DF5CB}.Release|Any CPU.Build.0 = Release|Any CPU
	EndGlobalSection
	GlobalSection(SolutionProperties) = preSolution
		HideSolutionNode = FALSE
	EndGlobalSection
	GlobalSection(NestedProjects) = preSolution
		{C1E258DA-54F0-4A84-AACE-74AD2FA9A495} = {0D661700-C3A4-4F6F-8FB0-E83A0FBB59D5}
		{BDFF3BB0-3C7A-47A8-9CF5-1F3454A646E5} = {1B4299DF-5083-42EC-9A7B-882E48666264}
		{99EC13FB-F260-4EB2-AF83-CCED1A753E4B} = {A201E9CA-5D20-4236-9E59-4F0FC76E2CA6}
		{7F3C005B-ADE2-4E1D-AEFB-A5EAD394D644} = {A29D918B-9E14-46BD-BBEB-9575FFFA0731}
		{A3EA477B-3938-4CA0-914F-577F201A1140} = {A29D918B-9E14-46BD-BBEB-9575FFFA0731}
		{C3B65732-4AB7-4B7A-83D3-C460D7C35E86} = {1B4299DF-5083-42EC-9A7B-882E48666264}
		{44EAD20D-89BA-4E68-89E2-5BD0205F5C7C} = {CF5245AA-DED6-4BD5-AF2F-106617107324}
		{AB74E80C-FE32-49D0-B03A-E24A28DBFDD9} = {0D661700-C3A4-4F6F-8FB0-E83A0FBB59D5}
		{ED88E507-B9B6-493E-9B7E-EC892B5DF5CB} = {1B4299DF-5083-42EC-9A7B-882E48666264}
	EndGlobalSection
	GlobalSection(ExtensibilityGlobals) = postSolution
		EnterpriseLibraryConfigurationToolBinariesPathV6 = packages\EnterpriseLibrary.Common.6.0.1304.0\lib\NET45;packages\EnterpriseLibrary.Logging.6.0.1304.0\lib\NET45;packages\EnterpriseLibrary.ExceptionHandling.6.0.1304.0\lib\NET45;packages\EnterpriseLibrary.ExceptionHandling.Logging.6.0.1304.0\lib\NET45
	EndGlobalSection
	GlobalSection(TeamFoundationVersionControl) = preSolution
		SccNumberOfProjects = 11
		SccEnterpriseProvider = {4CA58AB2-18FA-4F8D-95D4-32DDF27D184C}
		SccTeamFoundationServer = http://harptfs01:8080/tfs/defaultcollection
		SccLocalPath0 = .
		SccProjectUniqueName1 = Nexus.Common\\Nexus.Common.csproj
		SccProjectTopLevelParentUniqueName1 = Nexus.sln
		SccProjectName1 = Nexus.Common
		SccLocalPath1 = Nexus.Common
		SccProjectUniqueName2 = Nexus.Service\\Nexus.Service.csproj
		SccProjectTopLevelParentUniqueName2 = Nexus.sln
		SccProjectName2 = Nexus.Service
		SccLocalPath2 = Nexus.Service
		SccProjectUniqueName3 = Nexus.Testing.ConsoleApp\\Nexus.Testing.ConsoleApp.csproj
		SccProjectName3 = Nexus.Testing.ConsoleApp
		SccLocalPath3 = Nexus.Testing.ConsoleApp
		SccProjectUniqueName4 = Nexus.UML\\Nexus.UML.modelproj
		SccProjectTopLevelParentUniqueName4 = Nexus.sln
		SccProjectName4 = Nexus.UML
		SccLocalPath4 = Nexus.UML
		SccProjectUniqueName5 = Nexus.WebAPI.Tests\\Nexus.WebAPI.Tests.csproj
		SccProjectTopLevelParentUniqueName5 = Nexus.sln
		SccProjectName5 = Nexus.WebAPI.Tests
		SccLocalPath5 = Nexus.WebAPI.Tests
		SccProjectUniqueName6 = Nexus.WebAPI\\Nexus.WebAPI.csproj
		SccProjectTopLevelParentUniqueName6 = Nexus.sln
		SccProjectName6 = Nexus.WebAPI
		SccLocalPath6 = Nexus.WebAPI
		SccProjectUniqueName7 = Nexus.EnterpriseService\\Nexus.EnterpriseService.csproj
		SccProjectTopLevelParentUniqueName7 = Nexus.sln
		SccProjectName7 = Nexus.EnterpriseService
		SccLocalPath7 = Nexus.EnterpriseService
		SccProjectUniqueName8 = Nexus.Sql_Repository\\Nexus.Sql_Repository.csproj
		SccProjectTopLevelParentUniqueName8 = Nexus.sln
		SccProjectName8 = Nexus.Sql_Repository
		SccLocalPath8 = Nexus.Sql_Repository
		SccProjectUniqueName9 = Nexus.Sql_Repository.Tests\\Nexus.Sql_Repository.Tests.csproj
		SccProjectTopLevelParentUniqueName9 = Nexus.sln
		SccProjectName9 = Nexus.Sql_Repository.Tests
		SccLocalPath9 = Nexus.Sql_Repository.Tests
		SccProjectUniqueName10 = Nexus.Mock_Repository\\Nexus.Mock_Repository.csproj
		SccProjectTopLevelParentUniqueName10 = Nexus.sln
		SccProjectName10 = Nexus.Mock_Repository
		SccLocalPath10 = Nexus.Mock_Repository
	EndGlobalSection
EndGlobal
