
Microsoft Visual Studio Solution File, Format Version 12.00
# Visual Studio 2013
VisualStudioVersion = 12.0.31101.0
MinimumVisualStudioVersion = 10.0.40219.1
Project("{FAE04EC0-301F-11D3-BF4B-00C04F79EFBC}") = "OpenHRNexus.Messaging.Publisher", "OpenHRNexus.Messaging.Publisher\OpenHRNexus.Messaging.Publisher.csproj", "{31518226-A3C8-4E7F-8EC1-F4DD767AE9DA}"
EndProject
Project("{FAE04EC0-301F-11D3-BF4B-00C04F79EFBC}") = "OpenHRNexus.Common", "OpenHRNexus.Common\OpenHRNexus.Common.csproj", "{C1E258DA-54F0-4A84-AACE-74AD2FA9A495}"
EndProject
Project("{FAE04EC0-301F-11D3-BF4B-00C04F79EFBC}") = "OpenHRNexus.Messaging.Subscriber", "OpenHRNexus.Messaging.Subscriber\OpenHRNexus.Messaging.Subscriber.csproj", "{6D9530C4-C958-4256-8EFE-5BA2268E3000}"
EndProject
Project("{FAE04EC0-301F-11D3-BF4B-00C04F79EFBC}") = "OpenHRNexus.Testing.ConsoleApp", "OpenHRNexus.Testing.ConsoleApp\OpenHRNexus.Testing.ConsoleApp.csproj", "{4782CBC3-FA2A-48E7-A9F4-0566994CBC1C}"
EndProject
Project("{FAE04EC0-301F-11D3-BF4B-00C04F79EFBC}") = "OpenHRNexus.UnitTests", "OpenHRNexus.UnitTests\OpenHRNexus.UnitTests.csproj", "{F692DA20-209D-4DE2-B4C3-AC025FF03B1F}"
EndProject
Project("{FAE04EC0-301F-11D3-BF4B-00C04F79EFBC}") = "OpenHRNexus.Repository", "OpenHRNexus.Repository\OpenHRNexus.Repository.csproj", "{BDFF3BB0-3C7A-47A8-9CF5-1F3454A646E5}"
EndProject
Project("{FAE04EC0-301F-11D3-BF4B-00C04F79EFBC}") = "OpenHRNexus.Service", "OpenHRNexus.Service\OpenHRNexus.Service.csproj", "{99EC13FB-F260-4EB2-AF83-CCED1A753E4B}"
EndProject
Project("{FAE04EC0-301F-11D3-BF4B-00C04F79EFBC}") = "OpenHRNexus.Interfaces", "OpenHRNexus.Interfaces\OpenHRNexus.Interfaces.csproj", "{627C8A94-0E22-4EB6-9998-7F5865588288}"
EndProject
Project("{FAE04EC0-301F-11D3-BF4B-00C04F79EFBC}") = "OpenHRNexus.WebAPI", "OpenHRNexus.WebAPI\OpenHRNexus.WebAPI.csproj", "{7F3C005B-ADE2-4E1D-AEFB-A5EAD394D644}"
EndProject
Project("{FAE04EC0-301F-11D3-BF4B-00C04F79EFBC}") = "OpenHRNexus.WebAPI.Tests", "OpenHRNexus.WebAPI.Tests\OpenHRNexus.WebAPI.Tests.csproj", "{A3EA477B-3938-4CA0-914F-577F201A1140}"
EndProject
Project("{FAE04EC0-301F-11D3-BF4B-00C04F79EFBC}") = "OpenHRNexus.Repository.Tests", "OpenHRNexus.Repository.Tests\OpenHRNexus.Repository.Tests.csproj", "{C3B65732-4AB7-4B7A-83D3-C460D7C35E86}"
EndProject
Project("{2150E333-8FDC-42A3-9474-1A3956D46DE8}") = ".nuget", ".nuget", "{015D9149-67A0-4472-AC73-1EB5942E7EC5}"
	ProjectSection(SolutionItems) = preProject
		.nuget\NuGet.Config = .nuget\NuGet.Config
		.nuget\NuGet.exe = .nuget\NuGet.exe
		.nuget\NuGet.targets = .nuget\NuGet.targets
	EndProjectSection
EndProject
Global
	GlobalSection(TeamFoundationVersionControl) = preSolution
		SccNumberOfProjects = 12
		SccEnterpriseProvider = {4CA58AB2-18FA-4F8D-95D4-32DDF27D184C}
		SccTeamFoundationServer = http://harptfs01:8080/tfs/defaultcollection
		SccLocalPath0 = .
		SccProjectUniqueName1 = OpenHRNexus.Common\\OpenHRNexus.Common.csproj
		SccProjectName1 = OpenHRNexus.Common
		SccLocalPath1 = OpenHRNexus.Common
		SccProjectUniqueName2 = OpenHRNexus.Messaging.Publisher\\OpenHRNexus.Messaging.Publisher.csproj
		SccProjectName2 = OpenHRNexus.Messaging.Publisher
		SccLocalPath2 = OpenHRNexus.Messaging.Publisher
		SccProjectUniqueName3 = OpenHRNexus.Messaging.Subscriber\\OpenHRNexus.Messaging.Subscriber.csproj
		SccProjectName3 = OpenHRNexus.Messaging.Subscriber
		SccLocalPath3 = OpenHRNexus.Messaging.Subscriber
		SccProjectUniqueName4 = OpenHRNexus.Repository\\OpenHRNexus.Repository.csproj
		SccProjectName4 = OpenHRNexus.Repository
		SccLocalPath4 = OpenHRNexus.Repository
		SccProjectUniqueName5 = OpenHRNexus.Service\\OpenHRNexus.Service.csproj
		SccProjectName5 = OpenHRNexus.Service
		SccLocalPath5 = OpenHRNexus.Service
		SccProjectUniqueName6 = OpenHRNexus.Testing.ConsoleApp\\OpenHRNexus.Testing.ConsoleApp.csproj
		SccProjectName6 = OpenHRNexus.Testing.ConsoleApp
		SccLocalPath6 = OpenHRNexus.Testing.ConsoleApp
		SccProjectUniqueName7 = OpenHRNexus.UnitTests\\OpenHRNexus.UnitTests.csproj
		SccProjectName7 = OpenHRNexus.UnitTests
		SccLocalPath7 = OpenHRNexus.UnitTests
		SccProjectUniqueName8 = OpenHRNexus.Interfaces\\OpenHRNexus.Interfaces.csproj
		SccProjectName8 = OpenHRNexus.Interfaces
		SccLocalPath8 = OpenHRNexus.Interfaces
		SccProjectUniqueName9 = OpenHRNexus.WebAPI\\OpenHRNexus.WebAPI.csproj
		SccProjectName9 = OpenHRNexus.WebAPI
		SccLocalPath9 = OpenHRNexus.WebAPI
		SccProjectUniqueName10 = OpenHRNexus.WebAPI.Tests\\OpenHRNexus.WebAPI.Tests.csproj
		SccProjectName10 = OpenHRNexus.WebAPI.Tests
		SccLocalPath10 = OpenHRNexus.WebAPI.Tests
		SccProjectUniqueName11 = OpenHRNexus.Repository.Tests\\OpenHRNexus.Repository.Tests.csproj
		SccProjectName11 = OpenHRNexus.Repository.Tests
		SccLocalPath11 = OpenHRNexus.Repository.Tests
	EndGlobalSection
	GlobalSection(SolutionConfigurationPlatforms) = preSolution
		Debug|Any CPU = Debug|Any CPU
		Release|Any CPU = Release|Any CPU
	EndGlobalSection
	GlobalSection(ProjectConfigurationPlatforms) = postSolution
		{31518226-A3C8-4E7F-8EC1-F4DD767AE9DA}.Debug|Any CPU.ActiveCfg = Debug|Any CPU
		{31518226-A3C8-4E7F-8EC1-F4DD767AE9DA}.Debug|Any CPU.Build.0 = Debug|Any CPU
		{31518226-A3C8-4E7F-8EC1-F4DD767AE9DA}.Release|Any CPU.ActiveCfg = Release|Any CPU
		{31518226-A3C8-4E7F-8EC1-F4DD767AE9DA}.Release|Any CPU.Build.0 = Release|Any CPU
		{C1E258DA-54F0-4A84-AACE-74AD2FA9A495}.Debug|Any CPU.ActiveCfg = Debug|Any CPU
		{C1E258DA-54F0-4A84-AACE-74AD2FA9A495}.Debug|Any CPU.Build.0 = Debug|Any CPU
		{C1E258DA-54F0-4A84-AACE-74AD2FA9A495}.Release|Any CPU.ActiveCfg = Release|Any CPU
		{C1E258DA-54F0-4A84-AACE-74AD2FA9A495}.Release|Any CPU.Build.0 = Release|Any CPU
		{6D9530C4-C958-4256-8EFE-5BA2268E3000}.Debug|Any CPU.ActiveCfg = Debug|Any CPU
		{6D9530C4-C958-4256-8EFE-5BA2268E3000}.Debug|Any CPU.Build.0 = Debug|Any CPU
		{6D9530C4-C958-4256-8EFE-5BA2268E3000}.Release|Any CPU.ActiveCfg = Release|Any CPU
		{6D9530C4-C958-4256-8EFE-5BA2268E3000}.Release|Any CPU.Build.0 = Release|Any CPU
		{4782CBC3-FA2A-48E7-A9F4-0566994CBC1C}.Debug|Any CPU.ActiveCfg = Debug|Any CPU
		{4782CBC3-FA2A-48E7-A9F4-0566994CBC1C}.Debug|Any CPU.Build.0 = Debug|Any CPU
		{4782CBC3-FA2A-48E7-A9F4-0566994CBC1C}.Release|Any CPU.ActiveCfg = Release|Any CPU
		{4782CBC3-FA2A-48E7-A9F4-0566994CBC1C}.Release|Any CPU.Build.0 = Release|Any CPU
		{F692DA20-209D-4DE2-B4C3-AC025FF03B1F}.Debug|Any CPU.ActiveCfg = Debug|Any CPU
		{F692DA20-209D-4DE2-B4C3-AC025FF03B1F}.Debug|Any CPU.Build.0 = Debug|Any CPU
		{F692DA20-209D-4DE2-B4C3-AC025FF03B1F}.Release|Any CPU.ActiveCfg = Release|Any CPU
		{F692DA20-209D-4DE2-B4C3-AC025FF03B1F}.Release|Any CPU.Build.0 = Release|Any CPU
		{BDFF3BB0-3C7A-47A8-9CF5-1F3454A646E5}.Debug|Any CPU.ActiveCfg = Debug|Any CPU
		{BDFF3BB0-3C7A-47A8-9CF5-1F3454A646E5}.Debug|Any CPU.Build.0 = Debug|Any CPU
		{BDFF3BB0-3C7A-47A8-9CF5-1F3454A646E5}.Release|Any CPU.ActiveCfg = Release|Any CPU
		{BDFF3BB0-3C7A-47A8-9CF5-1F3454A646E5}.Release|Any CPU.Build.0 = Release|Any CPU
		{99EC13FB-F260-4EB2-AF83-CCED1A753E4B}.Debug|Any CPU.ActiveCfg = Debug|Any CPU
		{99EC13FB-F260-4EB2-AF83-CCED1A753E4B}.Debug|Any CPU.Build.0 = Debug|Any CPU
		{99EC13FB-F260-4EB2-AF83-CCED1A753E4B}.Release|Any CPU.ActiveCfg = Release|Any CPU
		{99EC13FB-F260-4EB2-AF83-CCED1A753E4B}.Release|Any CPU.Build.0 = Release|Any CPU
		{627C8A94-0E22-4EB6-9998-7F5865588288}.Debug|Any CPU.ActiveCfg = Debug|Any CPU
		{627C8A94-0E22-4EB6-9998-7F5865588288}.Debug|Any CPU.Build.0 = Debug|Any CPU
		{627C8A94-0E22-4EB6-9998-7F5865588288}.Release|Any CPU.ActiveCfg = Release|Any CPU
		{627C8A94-0E22-4EB6-9998-7F5865588288}.Release|Any CPU.Build.0 = Release|Any CPU
		{7F3C005B-ADE2-4E1D-AEFB-A5EAD394D644}.Debug|Any CPU.ActiveCfg = Debug|Any CPU
		{7F3C005B-ADE2-4E1D-AEFB-A5EAD394D644}.Debug|Any CPU.Build.0 = Debug|Any CPU
		{7F3C005B-ADE2-4E1D-AEFB-A5EAD394D644}.Release|Any CPU.ActiveCfg = Release|Any CPU
		{7F3C005B-ADE2-4E1D-AEFB-A5EAD394D644}.Release|Any CPU.Build.0 = Release|Any CPU
		{A3EA477B-3938-4CA0-914F-577F201A1140}.Debug|Any CPU.ActiveCfg = Debug|Any CPU
		{A3EA477B-3938-4CA0-914F-577F201A1140}.Debug|Any CPU.Build.0 = Debug|Any CPU
		{A3EA477B-3938-4CA0-914F-577F201A1140}.Release|Any CPU.ActiveCfg = Release|Any CPU
		{A3EA477B-3938-4CA0-914F-577F201A1140}.Release|Any CPU.Build.0 = Release|Any CPU
		{C3B65732-4AB7-4B7A-83D3-C460D7C35E86}.Debug|Any CPU.ActiveCfg = Debug|Any CPU
		{C3B65732-4AB7-4B7A-83D3-C460D7C35E86}.Debug|Any CPU.Build.0 = Debug|Any CPU
		{C3B65732-4AB7-4B7A-83D3-C460D7C35E86}.Release|Any CPU.ActiveCfg = Release|Any CPU
		{C3B65732-4AB7-4B7A-83D3-C460D7C35E86}.Release|Any CPU.Build.0 = Release|Any CPU
	EndGlobalSection
	GlobalSection(SolutionProperties) = preSolution
		HideSolutionNode = FALSE
	EndGlobalSection
EndGlobal
