
Microsoft Visual Studio Solution File, Format Version 12.00
# Visual Studio 14
VisualStudioVersion = 14.0.25420.1
MinimumVisualStudioVersion = 10.0.40219.1
Project("{54435603-DBB4-11D2-8724-00A0C9A8B90C}") = "OpenHR 8.2 Patch for 20488418", "OpenHR 8.2 Patch for 20488418\OpenHR 8.2 Patch for 20488418.vdproj", "{472A10C8-BBA7-4B95-BC74-A47AF02FE0C8}"
EndProject
Project("{54435603-DBB4-11D2-8724-00A0C9A8B90C}") = "OpenHR 8.1 Patch for 20488418", "OpenHR 8.1 Patch for 20488418\OpenHR 8.1 Patch for 20488418.vdproj", "{EA72BDB6-8EB0-47FC-A01E-4A7A32E75F45}"
EndProject
Project("{54435603-DBB4-11D2-8724-00A0C9A8B90C}") = "OpenHR 8.0 Patch for 20488418", "OpenHR 8.0 Patch for 20488418\OpenHR 8.0 Patch for 20488418.vdproj", "{F8C2C9FD-C4DB-48E6-B003-27E520FEBDCD}"
EndProject
Global
	GlobalSection(SolutionConfigurationPlatforms) = preSolution
		Debug|Default = Debug|Default
		Release|Default = Release|Default
	EndGlobalSection
	GlobalSection(ProjectConfigurationPlatforms) = postSolution
		{472A10C8-BBA7-4B95-BC74-A47AF02FE0C8}.Debug|Default.ActiveCfg = Debug
		{472A10C8-BBA7-4B95-BC74-A47AF02FE0C8}.Debug|Default.Build.0 = Debug
		{472A10C8-BBA7-4B95-BC74-A47AF02FE0C8}.Release|Default.ActiveCfg = Release
		{472A10C8-BBA7-4B95-BC74-A47AF02FE0C8}.Release|Default.Build.0 = Release
		{EA72BDB6-8EB0-47FC-A01E-4A7A32E75F45}.Debug|Default.ActiveCfg = Debug
		{EA72BDB6-8EB0-47FC-A01E-4A7A32E75F45}.Release|Default.ActiveCfg = Release
		{EA72BDB6-8EB0-47FC-A01E-4A7A32E75F45}.Release|Default.Build.0 = Release
		{F8C2C9FD-C4DB-48E6-B003-27E520FEBDCD}.Debug|Default.ActiveCfg = Debug
		{F8C2C9FD-C4DB-48E6-B003-27E520FEBDCD}.Release|Default.ActiveCfg = Release
		{F8C2C9FD-C4DB-48E6-B003-27E520FEBDCD}.Release|Default.Build.0 = Release
	EndGlobalSection
	GlobalSection(SolutionProperties) = preSolution
		HideSolutionNode = FALSE
	EndGlobalSection
	GlobalSection(TeamFoundationVersionControl) = preSolution
		SccNumberOfProjects = 4
		SccEnterpriseProvider = {4CA58AB2-18FA-4F8D-95D4-32DDF27D184C}
		SccTeamFoundationServer = http://harptfs01:8080/tfs/defaultcollection
		SccLocalPath0 = .
		SccProjectUniqueName1 = OpenHR\u00208.2\u0020Patch\u0020for\u002020488418\\OpenHR\u00208.2\u0020Patch\u0020for\u002020488418.vdproj
		SccProjectName1 = OpenHR\u00208.2\u0020Patch\u0020for\u002020488418
		SccLocalPath1 = OpenHR\u00208.2\u0020Patch\u0020for\u002020488418
		SccProjectUniqueName2 = OpenHR\u00208.1\u0020Patch\u0020for\u002020488418\\OpenHR\u00208.1\u0020Patch\u0020for\u002020488418.vdproj
		SccProjectName2 = OpenHR\u00208.1\u0020Patch\u0020for\u002020488418
		SccLocalPath2 = OpenHR\u00208.1\u0020Patch\u0020for\u002020488418
		SccProjectUniqueName3 = OpenHR\u00208.0\u0020Patch\u0020for\u002020488418\\OpenHR\u00208.0\u0020Patch\u0020for\u002020488418.vdproj
		SccProjectName3 = OpenHR\u00208.0\u0020Patch\u0020for\u002020488418
		SccLocalPath3 = OpenHR\u00208.0\u0020Patch\u0020for\u002020488418
	EndGlobalSection
EndGlobal
