
Microsoft Visual Studio Solution File, Format Version 12.00
# Visual Studio 2013
VisualStudioVersion = 12.0.31101.0
MinimumVisualStudioVersion = 10.0.40219.1
Project("{F184B08F-C81C-45F6-A57F-5ABD9991F28F}") = "DMI.NET", "DMI.NET\DMI.NET.vbproj", "{52FBD57B-87C8-40D3-A5DA-6A6174F4A871}"
EndProject
Project("{F184B08F-C81C-45F6-A57F-5ABD9991F28F}") = "COAInt_Server", "..\..\Components\COAInt_Server\COAInt_Server.vbproj", "{2AF7F0B5-431D-4892-B0B1-9397C73EBFD7}"
EndProject
Project("{00D1A9C2-B5F0-4AF3-8072-F6C62B433612}") = "OpenHR Database", "..\..\Database\OpenHR Database\OpenHR Database.sqlproj", "{1FBF3387-F785-464A-9446-707A6C28B2C1}"
EndProject
Project("{930C7802-8A8C-48F9-8165-68863BCCD9DD}") = "OpenHR Installer", "OpenHR Installer\OpenHR Installer.wixproj", "{5DF75109-5222-4494-AC8C-6AAE5F93998A}"
EndProject
Project("{F184B08F-C81C-45F6-A57F-5ABD9991F28F}") = "OpenHR Wix Extensions", "OpenHR Wix Extensions\OpenHR Wix Extensions.vbproj", "{EAC8EB36-A66D-4441-9025-6C28879CBADD}"
EndProject
Project("{FAE04EC0-301F-11D3-BF4B-00C04F79EFBC}") = "DayPilot", "..\..\Components\DayPilot\DayPilot.csproj", "{5D7983A4-CCFF-46F6-920F-F184A031D7E1}"
EndProject
Global
	GlobalSection(TeamFoundationVersionControl) = preSolution
		SccNumberOfProjects = 7
		SccEnterpriseProvider = {4CA58AB2-18FA-4F8D-95D4-32DDF27D184C}
		SccTeamFoundationServer = http://harptfs01:8080/tfs/defaultcollection
		SccLocalPath0 = .
		SccProjectUniqueName1 = DMI.NET\\DMI.NET.vbproj
		SccProjectName1 = DMI.NET
		SccLocalPath1 = DMI.NET
		SccProjectUniqueName2 = ..\\..\\Components\\COAInt_Server\\COAInt_Server.vbproj
		SccProjectName2 = ../../Components/COAInt_Server
		SccLocalPath2 = ..\\..\\Components\\COAInt_Server
		SccProjectUniqueName3 = ..\\..\\Database\\OpenHR\u0020Database\\OpenHR\u0020Database.sqlproj
		SccProjectName3 = ../../Database/OpenHR\u0020Database
		SccLocalPath3 = ..\\..\\Database\\OpenHR\u0020Database
		SccProjectUniqueName4 = OpenHR\u0020Installer\\OpenHR\u0020Installer.wixproj
		SccProjectName4 = OpenHR\u0020Installer
		SccLocalPath4 = OpenHR\u0020Installer
		SccProjectUniqueName5 = OpenHR\u0020Wix\u0020Extensions\\OpenHR\u0020Wix\u0020Extensions.vbproj
		SccProjectName5 = OpenHR\u0020Wix\u0020Extensions
		SccLocalPath5 = OpenHR\u0020Wix\u0020Extensions
		SccProjectUniqueName6 = ..\\..\\Components\\DayPilot\\DayPilot.csproj
		SccProjectName6 = ../../Components/DayPilot
		SccLocalPath6 = ..\\..\\Components\\DayPilot
	EndGlobalSection
	GlobalSection(SolutionConfigurationPlatforms) = preSolution
		Debug|Any CPU = Debug|Any CPU
		Debug|Mixed Platforms = Debug|Mixed Platforms
		Release|Any CPU = Release|Any CPU
		Release|Mixed Platforms = Release|Mixed Platforms
	EndGlobalSection
	GlobalSection(ProjectConfigurationPlatforms) = postSolution
		{52FBD57B-87C8-40D3-A5DA-6A6174F4A871}.Debug|Any CPU.ActiveCfg = Debug|Any CPU
		{52FBD57B-87C8-40D3-A5DA-6A6174F4A871}.Debug|Any CPU.Build.0 = Debug|Any CPU
		{52FBD57B-87C8-40D3-A5DA-6A6174F4A871}.Debug|Mixed Platforms.ActiveCfg = Debug|Any CPU
		{52FBD57B-87C8-40D3-A5DA-6A6174F4A871}.Debug|Mixed Platforms.Build.0 = Debug|Any CPU
		{52FBD57B-87C8-40D3-A5DA-6A6174F4A871}.Release|Any CPU.ActiveCfg = Release|Any CPU
		{52FBD57B-87C8-40D3-A5DA-6A6174F4A871}.Release|Any CPU.Build.0 = Release|Any CPU
		{52FBD57B-87C8-40D3-A5DA-6A6174F4A871}.Release|Mixed Platforms.ActiveCfg = Release|Any CPU
		{52FBD57B-87C8-40D3-A5DA-6A6174F4A871}.Release|Mixed Platforms.Build.0 = Release|Any CPU
		{2AF7F0B5-431D-4892-B0B1-9397C73EBFD7}.Debug|Any CPU.ActiveCfg = Debug|Any CPU
		{2AF7F0B5-431D-4892-B0B1-9397C73EBFD7}.Debug|Any CPU.Build.0 = Debug|Any CPU
		{2AF7F0B5-431D-4892-B0B1-9397C73EBFD7}.Debug|Mixed Platforms.ActiveCfg = Debug|Any CPU
		{2AF7F0B5-431D-4892-B0B1-9397C73EBFD7}.Debug|Mixed Platforms.Build.0 = Debug|Any CPU
		{2AF7F0B5-431D-4892-B0B1-9397C73EBFD7}.Release|Any CPU.ActiveCfg = Release|Any CPU
		{2AF7F0B5-431D-4892-B0B1-9397C73EBFD7}.Release|Any CPU.Build.0 = Release|Any CPU
		{2AF7F0B5-431D-4892-B0B1-9397C73EBFD7}.Release|Mixed Platforms.ActiveCfg = Release|Any CPU
		{2AF7F0B5-431D-4892-B0B1-9397C73EBFD7}.Release|Mixed Platforms.Build.0 = Release|Any CPU
		{1FBF3387-F785-464A-9446-707A6C28B2C1}.Debug|Any CPU.ActiveCfg = Debug|Any CPU
		{1FBF3387-F785-464A-9446-707A6C28B2C1}.Debug|Mixed Platforms.ActiveCfg = Debug|Any CPU
		{1FBF3387-F785-464A-9446-707A6C28B2C1}.Release|Any CPU.ActiveCfg = Release|Any CPU
		{1FBF3387-F785-464A-9446-707A6C28B2C1}.Release|Mixed Platforms.ActiveCfg = Release|Any CPU
		{1FBF3387-F785-464A-9446-707A6C28B2C1}.Release|Mixed Platforms.Deploy.0 = Release|Any CPU
		{5DF75109-5222-4494-AC8C-6AAE5F93998A}.Debug|Any CPU.ActiveCfg = Debug|x86
		{5DF75109-5222-4494-AC8C-6AAE5F93998A}.Debug|Mixed Platforms.ActiveCfg = Debug|x86
		{5DF75109-5222-4494-AC8C-6AAE5F93998A}.Debug|Mixed Platforms.Build.0 = Debug|x86
		{5DF75109-5222-4494-AC8C-6AAE5F93998A}.Release|Any CPU.ActiveCfg = Release|x86
		{5DF75109-5222-4494-AC8C-6AAE5F93998A}.Release|Any CPU.Build.0 = Release|x86
		{5DF75109-5222-4494-AC8C-6AAE5F93998A}.Release|Any CPU.Deploy.0 = Release|x86
		{5DF75109-5222-4494-AC8C-6AAE5F93998A}.Release|Mixed Platforms.ActiveCfg = Release|x86
		{5DF75109-5222-4494-AC8C-6AAE5F93998A}.Release|Mixed Platforms.Build.0 = Release|x86
		{EAC8EB36-A66D-4441-9025-6C28879CBADD}.Debug|Any CPU.ActiveCfg = Debug|Any CPU
		{EAC8EB36-A66D-4441-9025-6C28879CBADD}.Debug|Any CPU.Build.0 = Debug|Any CPU
		{EAC8EB36-A66D-4441-9025-6C28879CBADD}.Debug|Mixed Platforms.ActiveCfg = Debug|Any CPU
		{EAC8EB36-A66D-4441-9025-6C28879CBADD}.Debug|Mixed Platforms.Build.0 = Debug|Any CPU
		{EAC8EB36-A66D-4441-9025-6C28879CBADD}.Release|Any CPU.ActiveCfg = Release|Any CPU
		{EAC8EB36-A66D-4441-9025-6C28879CBADD}.Release|Any CPU.Build.0 = Release|Any CPU
		{EAC8EB36-A66D-4441-9025-6C28879CBADD}.Release|Any CPU.Deploy.0 = Release|Any CPU
		{EAC8EB36-A66D-4441-9025-6C28879CBADD}.Release|Mixed Platforms.ActiveCfg = Release|Any CPU
		{EAC8EB36-A66D-4441-9025-6C28879CBADD}.Release|Mixed Platforms.Build.0 = Release|Any CPU
		{5D7983A4-CCFF-46F6-920F-F184A031D7E1}.Debug|Any CPU.ActiveCfg = Debug|Any CPU
		{5D7983A4-CCFF-46F6-920F-F184A031D7E1}.Debug|Any CPU.Build.0 = Debug|Any CPU
		{5D7983A4-CCFF-46F6-920F-F184A031D7E1}.Debug|Mixed Platforms.ActiveCfg = Debug|Any CPU
		{5D7983A4-CCFF-46F6-920F-F184A031D7E1}.Debug|Mixed Platforms.Build.0 = Debug|Any CPU
		{5D7983A4-CCFF-46F6-920F-F184A031D7E1}.Release|Any CPU.ActiveCfg = Release|Any CPU
		{5D7983A4-CCFF-46F6-920F-F184A031D7E1}.Release|Any CPU.Build.0 = Release|Any CPU
		{5D7983A4-CCFF-46F6-920F-F184A031D7E1}.Release|Mixed Platforms.ActiveCfg = Release|Any CPU
		{5D7983A4-CCFF-46F6-920F-F184A031D7E1}.Release|Mixed Platforms.Build.0 = Release|Any CPU
	EndGlobalSection
	GlobalSection(SolutionProperties) = preSolution
		HideSolutionNode = FALSE
	EndGlobalSection
EndGlobal
