
Microsoft Visual Studio Solution File, Format Version 12.00
# Visual Studio 14
VisualStudioVersion = 14.0.22823.1
MinimumVisualStudioVersion = 10.0.40219.1
Project("{FAE04EC0-301F-11D3-BF4B-00C04F79EFBC}") = "TestHarness", "AsWorkflows\TestHarness.csproj", "{4BB316E8-6219-44E0-A4D6-B9CEDEE0BF57}"
EndProject
Project("{FAE04EC0-301F-11D3-BF4B-00C04F79EFBC}") = "DynamicDb", "DynamicDb\DynamicDb.csproj", "{71AE6C74-DDBC-4747-A17E-80235BFADE2E}"
EndProject
Project("{E24C65DC-7377-472B-9ABA-BC803B73C61A}") = "DynamicWebService", "DynamicWebService", "{8360F155-AEE7-440C-8948-145748A29BA0}"
	ProjectSection(WebsiteProperties) = preProject
		SccProjectName = "SAK"
		SccAuxPath = "SAK"
		SccLocalPath = "SAK"
		SccProvider = "SAK"
		TargetFrameworkMoniker = ".NETFramework,Version%3Dv4.5.1"
		ProjectReferences = "{71ae6c74-ddbc-4747-a17e-80235bfade2e}|DynamicDb.dll;"
		Debug.AspNetCompiler.VirtualPath = "/localhost_56638"
		Debug.AspNetCompiler.PhysicalPath = "DynamicWebService\"
		Debug.AspNetCompiler.TargetPath = "PrecompiledWeb\localhost_56638\"
		Debug.AspNetCompiler.Updateable = "true"
		Debug.AspNetCompiler.ForceOverwrite = "true"
		Debug.AspNetCompiler.FixedNames = "false"
		Debug.AspNetCompiler.Debug = "True"
		Release.AspNetCompiler.VirtualPath = "/localhost_56638"
		Release.AspNetCompiler.PhysicalPath = "DynamicWebService\"
		Release.AspNetCompiler.TargetPath = "PrecompiledWeb\localhost_56638\"
		Release.AspNetCompiler.Updateable = "true"
		Release.AspNetCompiler.ForceOverwrite = "true"
		Release.AspNetCompiler.FixedNames = "false"
		Release.AspNetCompiler.Debug = "False"
		VWDPort = "56638"
		SlnRelativePath = "DynamicWebService\"
	EndProjectSection
EndProject
Project("{FAE04EC0-301F-11D3-BF4B-00C04F79EFBC}") = "SystemManager.Tests", "SystemManager.Tests\SystemManager.Tests.csproj", "{2E066B23-9A0A-45BF-83E1-9A07B83AAC66}"
EndProject
Project("{FAE04EC0-301F-11D3-BF4B-00C04F79EFBC}") = "SystemManagerService", "SystemManagerService\SystemManagerService.csproj", "{56B62CB0-4544-4EA9-AAEA-12EA83F675BF}"
EndProject
Global
	GlobalSection(SolutionConfigurationPlatforms) = preSolution
		Debug|Any CPU = Debug|Any CPU
		Release|Any CPU = Release|Any CPU
	EndGlobalSection
	GlobalSection(ProjectConfigurationPlatforms) = postSolution
		{4BB316E8-6219-44E0-A4D6-B9CEDEE0BF57}.Debug|Any CPU.ActiveCfg = Debug|Any CPU
		{4BB316E8-6219-44E0-A4D6-B9CEDEE0BF57}.Debug|Any CPU.Build.0 = Debug|Any CPU
		{4BB316E8-6219-44E0-A4D6-B9CEDEE0BF57}.Release|Any CPU.ActiveCfg = Release|Any CPU
		{4BB316E8-6219-44E0-A4D6-B9CEDEE0BF57}.Release|Any CPU.Build.0 = Release|Any CPU
		{71AE6C74-DDBC-4747-A17E-80235BFADE2E}.Debug|Any CPU.ActiveCfg = Debug|Any CPU
		{71AE6C74-DDBC-4747-A17E-80235BFADE2E}.Debug|Any CPU.Build.0 = Debug|Any CPU
		{71AE6C74-DDBC-4747-A17E-80235BFADE2E}.Release|Any CPU.ActiveCfg = Release|Any CPU
		{71AE6C74-DDBC-4747-A17E-80235BFADE2E}.Release|Any CPU.Build.0 = Release|Any CPU
		{8360F155-AEE7-440C-8948-145748A29BA0}.Debug|Any CPU.ActiveCfg = Debug|Any CPU
		{8360F155-AEE7-440C-8948-145748A29BA0}.Debug|Any CPU.Build.0 = Debug|Any CPU
		{8360F155-AEE7-440C-8948-145748A29BA0}.Release|Any CPU.ActiveCfg = Debug|Any CPU
		{8360F155-AEE7-440C-8948-145748A29BA0}.Release|Any CPU.Build.0 = Debug|Any CPU
		{2E066B23-9A0A-45BF-83E1-9A07B83AAC66}.Debug|Any CPU.ActiveCfg = Debug|Any CPU
		{2E066B23-9A0A-45BF-83E1-9A07B83AAC66}.Debug|Any CPU.Build.0 = Debug|Any CPU
		{2E066B23-9A0A-45BF-83E1-9A07B83AAC66}.Release|Any CPU.ActiveCfg = Release|Any CPU
		{2E066B23-9A0A-45BF-83E1-9A07B83AAC66}.Release|Any CPU.Build.0 = Release|Any CPU
		{56B62CB0-4544-4EA9-AAEA-12EA83F675BF}.Debug|Any CPU.ActiveCfg = Debug|Any CPU
		{56B62CB0-4544-4EA9-AAEA-12EA83F675BF}.Debug|Any CPU.Build.0 = Debug|Any CPU
		{56B62CB0-4544-4EA9-AAEA-12EA83F675BF}.Release|Any CPU.ActiveCfg = Release|Any CPU
		{56B62CB0-4544-4EA9-AAEA-12EA83F675BF}.Release|Any CPU.Build.0 = Release|Any CPU
	EndGlobalSection
	GlobalSection(SolutionProperties) = preSolution
		HideSolutionNode = FALSE
	EndGlobalSection
	GlobalSection(TeamFoundationVersionControl) = preSolution
		SccNumberOfProjects = 6
		SccEnterpriseProvider = {4CA58AB2-18FA-4F8D-95D4-32DDF27D184C}
		SccTeamFoundationServer = http://harptfs01:8080/tfs/defaultcollection
		SccLocalPath0 = .
		SccProjectUniqueName1 = AsWorkflows\\TestHarness.csproj
		SccProjectName1 = AsWorkflows
		SccLocalPath1 = AsWorkflows
		SccProjectUniqueName2 = DynamicDb\\DynamicDb.csproj
		SccProjectName2 = DynamicDb
		SccLocalPath2 = DynamicDb
		SccWebProject3 = true
		SccProjectUniqueName3 = DynamicWebService
		SccProjectName3 = DynamicWebService
		SccLocalPath3 = DynamicWebService
		SccProjectEnlistmentChoice3 = 2
		SccProjectUniqueName4 = SystemManager.Tests\\SystemManager.Tests.csproj
		SccProjectName4 = SystemManager.Tests
		SccLocalPath4 = SystemManager.Tests
		SccProjectUniqueName5 = SystemManagerService\\SystemManagerService.csproj
		SccProjectName5 = SystemManagerService
		SccLocalPath5 = SystemManagerService
	EndGlobalSection
EndGlobal
