
Microsoft Visual Studio Solution File, Format Version 11.00
# Visual Studio 2010
Project("{F184B08F-C81C-45F6-A57F-5ABD9991F28F}") = "HR Pro Outlook Calendar Service", "Service\HR Pro Outlook Calendar Service.vbproj", "{C4AD6D51-6646-4E70-AE80-DD433906D5F2}"
EndProject
Project("{54435603-DBB4-11D2-8724-00A0C9A8B90C}") = "OpenHR Outlook Calendar Service Setup", "Setup\HR Pro Outlook Calendar Setup.vdproj", "{7B9684A6-C47D-48CF-AA88-18CE56CDA075}"
EndProject
Global
	GlobalSection(TeamFoundationVersionControl) = preSolution
		SccNumberOfProjects = 3
		SccEnterpriseProvider = {4CA58AB2-18FA-4F8D-95D4-32DDF27D184C}
		SccTeamFoundationServer = http://10.14.1.33:8080/tfs/defaultcollection
		SccLocalPath0 = .
		SccProjectUniqueName1 = Service\\HR\u0020Pro\u0020Outlook\u0020Calendar\u0020Service.vbproj
		SccProjectName1 = Service
		SccLocalPath1 = Service
		SccProjectUniqueName2 = Setup\\HR\u0020Pro\u0020Outlook\u0020Calendar\u0020Setup.vdproj
		SccProjectName2 = Setup
		SccLocalPath2 = Setup
	EndGlobalSection
	GlobalSection(SolutionConfigurationPlatforms) = preSolution
		Debug|Any CPU = Debug|Any CPU
		Release|Any CPU = Release|Any CPU
	EndGlobalSection
	GlobalSection(ProjectConfigurationPlatforms) = postSolution
		{C4AD6D51-6646-4E70-AE80-DD433906D5F2}.Debug|Any CPU.ActiveCfg = Debug|Any CPU
		{C4AD6D51-6646-4E70-AE80-DD433906D5F2}.Debug|Any CPU.Build.0 = Debug|Any CPU
		{C4AD6D51-6646-4E70-AE80-DD433906D5F2}.Release|Any CPU.ActiveCfg = Release|Any CPU
		{C4AD6D51-6646-4E70-AE80-DD433906D5F2}.Release|Any CPU.Build.0 = Release|Any CPU
		{7B9684A6-C47D-48CF-AA88-18CE56CDA075}.Debug|Any CPU.ActiveCfg = Debug
		{7B9684A6-C47D-48CF-AA88-18CE56CDA075}.Debug|Any CPU.Build.0 = Debug
		{7B9684A6-C47D-48CF-AA88-18CE56CDA075}.Release|Any CPU.ActiveCfg = Release
		{7B9684A6-C47D-48CF-AA88-18CE56CDA075}.Release|Any CPU.Build.0 = Release
	EndGlobalSection
	GlobalSection(SolutionProperties) = preSolution
		HideSolutionNode = FALSE
	EndGlobalSection
EndGlobal
