
Microsoft Visual Studio Solution File, Format Version 11.00
# Visual Studio 2010
Project("{F184B08F-C81C-45F6-A57F-5ABD9991F28F}") = "InstallerClassLibrary", "InstallerClassLibrary\InstallerClassLibrary.vbproj", "{1371B89A-9495-484C-816F-DEE9025335E0}"
EndProject
Project("{54435603-DBB4-11D2-8724-00A0C9A8B90C}") = "OpenHRWorkflowWebSetup", "WebSetup\HRProWorkflowWebSetup.vdproj", "{84B3579F-B5F3-4AFC-986A-3A5197FD9101}"
	ProjectSection(ProjectDependencies) = postProject
		{CA3E1976-4014-4344-AB34-4D9EBCCAEDD0} = {CA3E1976-4014-4344-AB34-4D9EBCCAEDD0}
	EndProjectSection
EndProject
Project("{E24C65DC-7377-472B-9ABA-BC803B73C61A}") = "OpenHRWorkflow", "http://localhost/OpenHRWorkflow", "{D1D0E976-6553-4235-BAB3-649C8F1AC0D9}"
	ProjectSection(WebsiteProperties) = preProject
		SccProjectName = ""$/Workflow/OpenHR Workflow Website/OpenHRWorkflow", LXXCAAAA"
		SccAuxPath = ""
		SccLocalPath = "."
		SccProvider = "MSSCCI:Microsoft Visual SourceSafe"
		UseIISExpress = "false"
		TargetFrameworkMoniker = ".NETFramework,Version%3Dv4.0"
		Debug.AspNetCompiler.VirtualPath = "/OpenHRWorkflow"
		Debug.AspNetCompiler.PhysicalPath = "OpenHRWorkflow\"
		Debug.AspNetCompiler.TargetPath = "PrecompiledWeb\OpenHRWorkflow\"
		Debug.AspNetCompiler.Updateable = "false"
		Debug.AspNetCompiler.ForceOverwrite = "true"
		Debug.AspNetCompiler.FixedNames = "false"
		Debug.AspNetCompiler.Debug = "True"
		Release.AspNetCompiler.VirtualPath = "/OpenHRWorkflow"
		Release.AspNetCompiler.PhysicalPath = "OpenHRWorkflow\"
		Release.AspNetCompiler.TargetPath = "PrecompiledWeb\OpenHRWorkflow\"
		Release.AspNetCompiler.Updateable = "false"
		Release.AspNetCompiler.ForceOverwrite = "true"
		Release.AspNetCompiler.FixedNames = "false"
		Release.AspNetCompiler.Debug = "False"
		SlnRelativePath = "OpenHRWorkflow\"
	EndProjectSection
EndProject
Project("{2CFEAB61-6A3B-4EB8-B523-560B4BEEF521}") = "OpenHRWorkflow_deploy", "OpenHRWorkflow_deploy\OpenHRWorkflow_deploy.wdproj", "{CA3E1976-4014-4344-AB34-4D9EBCCAEDD0}"
	ProjectSection(ProjectDependencies) = postProject
		{D1D0E976-6553-4235-BAB3-649C8F1AC0D9} = {D1D0E976-6553-4235-BAB3-649C8F1AC0D9}
	EndProjectSection
EndProject
Global
	GlobalSection(SourceCodeControl) = preSolution
		SccNumberOfProjects = 5
		SccProjectName0 = \u0022$/Workflow/OpenHR\u0020Workflow\u0020Website\u0022,\u0020HXXCAAAA
		SccLocalPath0 = .
		SccProvider0 = MSSCCI:Microsoft\u0020Visual\u0020SourceSafe
		CanCheckoutShared = false
		SccProjectUniqueName1 = InstallerClassLibrary\\InstallerClassLibrary.vbproj
		SccLocalPath1 = .
		CanCheckoutShared = false
		SccProjectFilePathRelativizedFromConnection1 = InstallerClassLibrary\\
		SccProjectUniqueName2 = WebSetup\\HRProWorkflowWebSetup.vdproj
		SccLocalPath2 = .
		CanCheckoutShared = false
		SccProjectFilePathRelativizedFromConnection2 = WebSetup\\
		SccProjectUniqueName3 = OpenHRWorkflow_deploy\\OpenHRWorkflow_deploy.wdproj
		SccLocalPath3 = .
		CanCheckoutShared = false
		SccProjectFilePathRelativizedFromConnection3 = OpenHRWorkflow_deploy\\
		SccWebProject4 = true
		SccProjectUniqueName4 = http://localhost/OpenHRWorkflow
		SccProjectName4 = \u0022$/Workflow/OpenHR\u0020Workflow\u0020Website/OpenHRWorkflow\u0022,\u0020LXXCAAAA
		SccLocalPath4 = C:\\Dev\\WORKFLOW\\OpenHR\u0020Workflow\u0020Website\\OpenHRWorkflow
		CanCheckoutShared = false
		SccProjectEnlistmentChoice4 = 2
	EndGlobalSection
	GlobalSection(SolutionConfigurationPlatforms) = preSolution
		Debug|.NET = Debug|.NET
		Debug|Any CPU = Debug|Any CPU
		Debug|Mixed Platforms = Debug|Mixed Platforms
		Release|.NET = Release|.NET
		Release|Any CPU = Release|Any CPU
		Release|Mixed Platforms = Release|Mixed Platforms
	EndGlobalSection
	GlobalSection(ProjectConfigurationPlatforms) = postSolution
		{1371B89A-9495-484C-816F-DEE9025335E0}.Debug|.NET.ActiveCfg = Debug|Any CPU
		{1371B89A-9495-484C-816F-DEE9025335E0}.Debug|Any CPU.ActiveCfg = Debug|Any CPU
		{1371B89A-9495-484C-816F-DEE9025335E0}.Debug|Mixed Platforms.ActiveCfg = Debug|Any CPU
		{1371B89A-9495-484C-816F-DEE9025335E0}.Release|.NET.ActiveCfg = Release|Any CPU
		{1371B89A-9495-484C-816F-DEE9025335E0}.Release|.NET.Build.0 = Release|Any CPU
		{1371B89A-9495-484C-816F-DEE9025335E0}.Release|Any CPU.ActiveCfg = Release|Any CPU
		{1371B89A-9495-484C-816F-DEE9025335E0}.Release|Any CPU.Build.0 = Release|Any CPU
		{1371B89A-9495-484C-816F-DEE9025335E0}.Release|Mixed Platforms.ActiveCfg = Release|Any CPU
		{1371B89A-9495-484C-816F-DEE9025335E0}.Release|Mixed Platforms.Build.0 = Release|Any CPU
		{84B3579F-B5F3-4AFC-986A-3A5197FD9101}.Debug|.NET.ActiveCfg = Debug
		{84B3579F-B5F3-4AFC-986A-3A5197FD9101}.Debug|.NET.Build.0 = Debug
		{84B3579F-B5F3-4AFC-986A-3A5197FD9101}.Debug|Any CPU.ActiveCfg = Debug
		{84B3579F-B5F3-4AFC-986A-3A5197FD9101}.Debug|Mixed Platforms.ActiveCfg = Release
		{84B3579F-B5F3-4AFC-986A-3A5197FD9101}.Release|.NET.ActiveCfg = Release
		{84B3579F-B5F3-4AFC-986A-3A5197FD9101}.Release|.NET.Build.0 = Release
		{84B3579F-B5F3-4AFC-986A-3A5197FD9101}.Release|Any CPU.ActiveCfg = Release
		{84B3579F-B5F3-4AFC-986A-3A5197FD9101}.Release|Any CPU.Build.0 = Release
		{84B3579F-B5F3-4AFC-986A-3A5197FD9101}.Release|Mixed Platforms.ActiveCfg = Release
		{84B3579F-B5F3-4AFC-986A-3A5197FD9101}.Release|Mixed Platforms.Build.0 = Release
		{D1D0E976-6553-4235-BAB3-649C8F1AC0D9}.Debug|.NET.ActiveCfg = Debug|Any CPU
		{D1D0E976-6553-4235-BAB3-649C8F1AC0D9}.Debug|Any CPU.ActiveCfg = Debug|Any CPU
		{D1D0E976-6553-4235-BAB3-649C8F1AC0D9}.Debug|Any CPU.Build.0 = Debug|Any CPU
		{D1D0E976-6553-4235-BAB3-649C8F1AC0D9}.Debug|Mixed Platforms.ActiveCfg = Debug|Any CPU
		{D1D0E976-6553-4235-BAB3-649C8F1AC0D9}.Debug|Mixed Platforms.Build.0 = Debug|Any CPU
		{D1D0E976-6553-4235-BAB3-649C8F1AC0D9}.Release|.NET.ActiveCfg = Debug|Any CPU
		{D1D0E976-6553-4235-BAB3-649C8F1AC0D9}.Release|Any CPU.ActiveCfg = Debug|Any CPU
		{D1D0E976-6553-4235-BAB3-649C8F1AC0D9}.Release|Any CPU.Build.0 = Debug|Any CPU
		{D1D0E976-6553-4235-BAB3-649C8F1AC0D9}.Release|Mixed Platforms.ActiveCfg = Debug|Any CPU
		{D1D0E976-6553-4235-BAB3-649C8F1AC0D9}.Release|Mixed Platforms.Build.0 = Debug|Any CPU
		{CA3E1976-4014-4344-AB34-4D9EBCCAEDD0}.Debug|.NET.ActiveCfg = Debug|Any CPU
		{CA3E1976-4014-4344-AB34-4D9EBCCAEDD0}.Debug|Any CPU.ActiveCfg = Debug|Any CPU
		{CA3E1976-4014-4344-AB34-4D9EBCCAEDD0}.Debug|Any CPU.Build.0 = Debug|Any CPU
		{CA3E1976-4014-4344-AB34-4D9EBCCAEDD0}.Debug|Mixed Platforms.ActiveCfg = Debug|Any CPU
		{CA3E1976-4014-4344-AB34-4D9EBCCAEDD0}.Release|.NET.ActiveCfg = Release|Any CPU
		{CA3E1976-4014-4344-AB34-4D9EBCCAEDD0}.Release|Any CPU.ActiveCfg = Release|Any CPU
		{CA3E1976-4014-4344-AB34-4D9EBCCAEDD0}.Release|Any CPU.Build.0 = Release|Any CPU
		{CA3E1976-4014-4344-AB34-4D9EBCCAEDD0}.Release|Mixed Platforms.ActiveCfg = Release|Any CPU
		{CA3E1976-4014-4344-AB34-4D9EBCCAEDD0}.Release|Mixed Platforms.Build.0 = Release|Any CPU
	EndGlobalSection
	GlobalSection(SolutionProperties) = preSolution
		HideSolutionNode = FALSE
	EndGlobalSection
	GlobalSection(TextTemplating) = postSolution
		TextTemplating = 1
	EndGlobalSection
EndGlobal
