Microsoft Visual Studio Solution File, Format Version 12.00
# Visual Studio 14
VisualStudioVersion = 14.0.24720.0
MinimumVisualStudioVersion = 10.0.40219.1
Project("{FAE04EC0-301F-11D3-BF4B-00C04F79EFBC}") = "OutlookCalendarService", "OutlookCalendarService\OutlookCalendarService.csproj", "{26D7EF52-B787-4C2A-8AA5-0E479D8E1E71}"
EndProject
Project("{FAE04EC0-301F-11D3-BF4B-00C04F79EFBC}") = "OutlookCalendarLogic", "OutlookCalendarLogic\OutlookCalendarLogic.csproj", "{D293227A-7596-47A1-9F26-A51CD7038231}"
EndProject
Project("{FAE04EC0-301F-11D3-BF4B-00C04F79EFBC}") = "OutlookCalendarServiceTester", "OutlookCalendarServiceTester\OutlookCalendarServiceTester.csproj", "{ED5F0523-0FC4-4322-BD6A-B9C17FEAB9AA}"
EndProject
Project("{2150E333-8FDC-42A3-9474-1A3956D46DE8}") = "Docs", "Docs", "{BC75595F-62E9-41D2-AF08-4E4C5454D575}"
	ProjectSection(SolutionItems) = preProject
		Outlook Calendar 2 overview.docx = Outlook Calendar 2 overview.docx
	EndProjectSection
EndProject
Project("{930C7802-8A8C-48F9-8165-68863BCCD9DD}") = "OutlookCalendarServiceInstaller", "OutlookCalendarServiceInstaller\OutlookCalendarServiceInstaller.wixproj", "{D4A28637-4C8D-470A-9C11-964176B4CBEB}"
EndProject
Project("{F184B08F-C81C-45F6-A57F-5ABD9991F28F}") = "OutlookCalendarService Wix Extensions", "OutlookCalendarService Wix Extensions\OutlookCalendarService Wix Extensions.vbproj", "{22908A84-ABE2-4B25-A7CE-770192C7DFFE}"
EndProject
Global
	GlobalSection(SolutionConfigurationPlatforms) = preSolution
		Debug|Any CPU = Debug|Any CPU
		Debug|x86 = Debug|x86
		Release|Any CPU = Release|Any CPU
		Release|x86 = Release|x86
	EndGlobalSection
	GlobalSection(ProjectConfigurationPlatforms) = postSolution
		{26D7EF52-B787-4C2A-8AA5-0E479D8E1E71}.Debug|Any CPU.ActiveCfg = Debug|Any CPU
		{26D7EF52-B787-4C2A-8AA5-0E479D8E1E71}.Debug|Any CPU.Build.0 = Debug|Any CPU
		{26D7EF52-B787-4C2A-8AA5-0E479D8E1E71}.Debug|x86.ActiveCfg = Debug|Any CPU
		{26D7EF52-B787-4C2A-8AA5-0E479D8E1E71}.Debug|x86.Build.0 = Debug|Any CPU
		{26D7EF52-B787-4C2A-8AA5-0E479D8E1E71}.Release|Any CPU.ActiveCfg = Release|Any CPU
		{26D7EF52-B787-4C2A-8AA5-0E479D8E1E71}.Release|Any CPU.Build.0 = Release|Any CPU
		{26D7EF52-B787-4C2A-8AA5-0E479D8E1E71}.Release|x86.ActiveCfg = Release|Any CPU
		{26D7EF52-B787-4C2A-8AA5-0E479D8E1E71}.Release|x86.Build.0 = Release|Any CPU
		{D293227A-7596-47A1-9F26-A51CD7038231}.Debug|Any CPU.ActiveCfg = Debug|Any CPU
		{D293227A-7596-47A1-9F26-A51CD7038231}.Debug|Any CPU.Build.0 = Debug|Any CPU
		{D293227A-7596-47A1-9F26-A51CD7038231}.Debug|x86.ActiveCfg = Debug|Any CPU
		{D293227A-7596-47A1-9F26-A51CD7038231}.Debug|x86.Build.0 = Debug|Any CPU
		{D293227A-7596-47A1-9F26-A51CD7038231}.Release|Any CPU.ActiveCfg = Release|Any CPU
		{D293227A-7596-47A1-9F26-A51CD7038231}.Release|Any CPU.Build.0 = Release|Any CPU
		{D293227A-7596-47A1-9F26-A51CD7038231}.Release|x86.ActiveCfg = Release|Any CPU
		{D293227A-7596-47A1-9F26-A51CD7038231}.Release|x86.Build.0 = Release|Any CPU
		{ED5F0523-0FC4-4322-BD6A-B9C17FEAB9AA}.Debug|Any CPU.ActiveCfg = Debug|Any CPU
		{ED5F0523-0FC4-4322-BD6A-B9C17FEAB9AA}.Debug|Any CPU.Build.0 = Debug|Any CPU
		{ED5F0523-0FC4-4322-BD6A-B9C17FEAB9AA}.Debug|x86.ActiveCfg = Debug|Any CPU
		{ED5F0523-0FC4-4322-BD6A-B9C17FEAB9AA}.Debug|x86.Build.0 = Debug|Any CPU
		{ED5F0523-0FC4-4322-BD6A-B9C17FEAB9AA}.Release|Any CPU.ActiveCfg = Release|Any CPU
		{ED5F0523-0FC4-4322-BD6A-B9C17FEAB9AA}.Release|Any CPU.Build.0 = Release|Any CPU
		{ED5F0523-0FC4-4322-BD6A-B9C17FEAB9AA}.Release|x86.ActiveCfg = Release|Any CPU
		{ED5F0523-0FC4-4322-BD6A-B9C17FEAB9AA}.Release|x86.Build.0 = Release|Any CPU
		{D4A28637-4C8D-470A-9C11-964176B4CBEB}.Debug|Any CPU.ActiveCfg = Debug|x86
		{D4A28637-4C8D-470A-9C11-964176B4CBEB}.Debug|x86.ActiveCfg = Debug|x86
		{D4A28637-4C8D-470A-9C11-964176B4CBEB}.Debug|x86.Build.0 = Debug|x86
		{D4A28637-4C8D-470A-9C11-964176B4CBEB}.Release|Any CPU.ActiveCfg = Release|x86
		{D4A28637-4C8D-470A-9C11-964176B4CBEB}.Release|Any CPU.Build.0 = Release|x86
		{D4A28637-4C8D-470A-9C11-964176B4CBEB}.Release|x86.ActiveCfg = Release|x86
		{D4A28637-4C8D-470A-9C11-964176B4CBEB}.Release|x86.Build.0 = Release|x86
		{22908A84-ABE2-4B25-A7CE-770192C7DFFE}.Debug|Any CPU.ActiveCfg = Debug|Any CPU
		{22908A84-ABE2-4B25-A7CE-770192C7DFFE}.Debug|x86.ActiveCfg = Debug|Any CPU
		{22908A84-ABE2-4B25-A7CE-770192C7DFFE}.Debug|x86.Build.0 = Debug|Any CPU
		{22908A84-ABE2-4B25-A7CE-770192C7DFFE}.Release|Any CPU.ActiveCfg = Release|Any CPU
		{22908A84-ABE2-4B25-A7CE-770192C7DFFE}.Release|Any CPU.Build.0 = Release|Any CPU
		{22908A84-ABE2-4B25-A7CE-770192C7DFFE}.Release|x86.ActiveCfg = Release|Any CPU
		{22908A84-ABE2-4B25-A7CE-770192C7DFFE}.Release|x86.Build.0 = Release|Any CPU
	EndGlobalSection
	GlobalSection(SolutionProperties) = preSolution
		HideSolutionNode = FALSE
	EndGlobalSection
	GlobalSection(TeamFoundationVersionControl) = preSolution
		SccNumberOfProjects = 6
		SccEnterpriseProvider = {4CA58AB2-18FA-4F8D-95D4-32DDF27D184C}
		SccTeamFoundationServer = http://harptfs01:8080/tfs/defaultcollection
		SccLocalPath0 = .
		SccProjectUniqueName1 = OutlookCalendarLogic\\OutlookCalendarLogic.csproj
		SccProjectName1 = OutlookCalendarLogic
		SccLocalPath1 = OutlookCalendarLogic
		SccProjectUniqueName2 = OutlookCalendarService\\OutlookCalendarService.csproj
		SccProjectName2 = OutlookCalendarService
		SccLocalPath2 = OutlookCalendarService
		SccProjectUniqueName3 = OutlookCalendarServiceTester\\OutlookCalendarServiceTester.csproj
		SccProjectName3 = OutlookCalendarServiceTester
		SccLocalPath3 = OutlookCalendarServiceTester
		SccProjectUniqueName4 = OutlookCalendarServiceInstaller\\OutlookCalendarServiceInstaller.wixproj
		SccProjectName4 = OutlookCalendarServiceInstaller
		SccLocalPath4 = OutlookCalendarServiceInstaller
		SccProjectUniqueName5 = OutlookCalendarService\u0020Wix\u0020Extensions\\OutlookCalendarService\u0020Wix\u0020Extensions.vbproj
		SccProjectName5 = OutlookCalendarService\u0020Wix\u0020Extensions
		SccLocalPath5 = OutlookCalendarService\u0020Wix\u0020Extensions
	EndGlobalSection
EndGlobal
