
Microsoft Visual Studio Solution File, Format Version 12.00
# Visual Studio 14
VisualStudioVersion = 14.0.22823.1
MinimumVisualStudioVersion = 10.0.40219.1
Project("{FAE04EC0-301F-11D3-BF4B-00C04F79EFBC}") = "OpenHR.TestToLive", "OpenHR.TestToLive\OpenHR.TestToLive.csproj", "{F35ACD91-FCC6-48EA-B545-20DC3DA3F5BC}"
EndProject
Project("{54435603-DBB4-11D2-8724-00A0C9A8B90C}") = "OpenHR.TestToLive.Setup", "OpenHR.TestToLive.Setup\OpenHR.TestToLive.Setup.vdproj", "{10002BC4-D6D9-4686-B167-0FD323AF3C37}"
EndProject
Global
	GlobalSection(SolutionConfigurationPlatforms) = preSolution
		Debug|Any CPU = Debug|Any CPU
		Release|Any CPU = Release|Any CPU
	EndGlobalSection
	GlobalSection(ProjectConfigurationPlatforms) = postSolution
		{F35ACD91-FCC6-48EA-B545-20DC3DA3F5BC}.Debug|Any CPU.ActiveCfg = Debug|Any CPU
		{F35ACD91-FCC6-48EA-B545-20DC3DA3F5BC}.Debug|Any CPU.Build.0 = Debug|Any CPU
		{F35ACD91-FCC6-48EA-B545-20DC3DA3F5BC}.Release|Any CPU.ActiveCfg = Release|Any CPU
		{F35ACD91-FCC6-48EA-B545-20DC3DA3F5BC}.Release|Any CPU.Build.0 = Release|Any CPU
		{10002BC4-D6D9-4686-B167-0FD323AF3C37}.Debug|Any CPU.ActiveCfg = Debug
		{10002BC4-D6D9-4686-B167-0FD323AF3C37}.Debug|Any CPU.Build.0 = Debug
		{10002BC4-D6D9-4686-B167-0FD323AF3C37}.Release|Any CPU.ActiveCfg = Release
		{10002BC4-D6D9-4686-B167-0FD323AF3C37}.Release|Any CPU.Build.0 = Release
	EndGlobalSection
	GlobalSection(SolutionProperties) = preSolution
		HideSolutionNode = FALSE
	EndGlobalSection
	GlobalSection(TeamFoundationVersionControl) = preSolution
		SccNumberOfProjects = 3
		SccEnterpriseProvider = {4CA58AB2-18FA-4F8D-95D4-32DDF27D184C}
		SccTeamFoundationServer = http://harptfs01:8080/tfs/defaultcollection
		SccLocalPath0 = .
		SccProjectUniqueName1 = OpenHR.TestToLive.Setup\\OpenHR.TestToLive.Setup.vdproj
		SccProjectName1 = OpenHR.TestToLive.Setup
		SccLocalPath1 = OpenHR.TestToLive.Setup
		SccProjectUniqueName2 = OpenHR.TestToLive\\OpenHR.TestToLive.csproj
		SccProjectName2 = OpenHR.TestToLive
		SccLocalPath2 = OpenHR.TestToLive
	EndGlobalSection
EndGlobal
